// !$*UTF8*$!
{
	archiveVersion = 1;
	classes = {
	};
	objectVersion = 50;
	objects = {

/* Begin PBXBuildFile section */
		634F8EAF2304BF1200E2B831 /* StateDetailTableViewController.swift in Sources */ = {isa = PBXBuildFile; fileRef = 634F8EAE2304BF1200E2B831 /* StateDetailTableViewController.swift */; };
		638ADB7723048543005FA8B3 /* AppDelegate.swift in Sources */ = {isa = PBXBuildFile; fileRef = 638ADB7623048543005FA8B3 /* AppDelegate.swift */; };
		638ADB7C23048543005FA8B3 /* Main.storyboard in Resources */ = {isa = PBXBuildFile; fileRef = 638ADB7A23048543005FA8B3 /* Main.storyboard */; };
		638ADB7E23048544005FA8B3 /* Assets.xcassets in Resources */ = {isa = PBXBuildFile; fileRef = 638ADB7D23048544005FA8B3 /* Assets.xcassets */; };
		638ADB8123048544005FA8B3 /* LaunchScreen.storyboard in Resources */ = {isa = PBXBuildFile; fileRef = 638ADB7F23048544005FA8B3 /* LaunchScreen.storyboard */; };
		638ADB8D23048953005FA8B3 /* Representative.swift in Sources */ = {isa = PBXBuildFile; fileRef = 638ADB8C23048953005FA8B3 /* Representative.swift */; };
		638ADB8F23049D99005FA8B3 /* RepresentativeController.swift in Sources */ = {isa = PBXBuildFile; fileRef = 638ADB8E23049D99005FA8B3 /* RepresentativeController.swift */; };
		638ADB912304B7FA005FA8B3 /* StateTableViewController.swift in Sources */ = {isa = PBXBuildFile; fileRef = 638ADB902304B7FA005FA8B3 /* StateTableViewController.swift */; };
		638ADB932304B92E005FA8B3 /* States.swift in Sources */ = {isa = PBXBuildFile; fileRef = 638ADB922304B92E005FA8B3 /* States.swift */; };
		638ADB952304BA26005FA8B3 /* TableViewCell.swift in Sources */ = {isa = PBXBuildFile; fileRef = 638ADB942304BA26005FA8B3 /* TableViewCell.swift */; };
/* End PBXBuildFile section */

/* Begin PBXFileReference section */
		634F8EAE2304BF1200E2B831 /* StateDetailTableViewController.swift */ = {isa = PBXFileReference; lastKnownFileType = sourcecode.swift; path = StateDetailTableViewController.swift; sourceTree = "<group>"; };
		638ADB7323048543005FA8B3 /* Representative.app */ = {isa = PBXFileReference; explicitFileType = wrapper.application; includeInIndex = 0; path = Representative.app; sourceTree = BUILT_PRODUCTS_DIR; };
		638ADB7623048543005FA8B3 /* AppDelegate.swift */ = {isa = PBXFileReference; lastKnownFileType = sourcecode.swift; path = AppDelegate.swift; sourceTree = "<group>"; };
		638ADB7B23048543005FA8B3 /* Base */ = {isa = PBXFileReference; lastKnownFileType = file.storyboard; name = Base; path = Base.lproj/Main.storyboard; sourceTree = "<group>"; };
		638ADB7D23048544005FA8B3 /* Assets.xcassets */ = {isa = PBXFileReference; lastKnownFileType = folder.assetcatalog; path = Assets.xcassets; sourceTree = "<group>"; };
		638ADB8023048544005FA8B3 /* Base */ = {isa = PBXFileReference; lastKnownFileType = file.storyboard; name = Base; path = Base.lproj/LaunchScreen.storyboard; sourceTree = "<group>"; };
		638ADB8223048544005FA8B3 /* Info.plist */ = {isa = PBXFileReference; lastKnownFileType = text.plist.xml; path = Info.plist; sourceTree = "<group>"; };
		638ADB8C23048953005FA8B3 /* Representative.swift */ = {isa = PBXFileReference; lastKnownFileType = sourcecode.swift; path = Representative.swift; sourceTree = "<group>"; };
		638ADB8E23049D99005FA8B3 /* RepresentativeController.swift */ = {isa = PBXFileReference; lastKnownFileType = sourcecode.swift; path = RepresentativeController.swift; sourceTree = "<group>"; };
		638ADB902304B7FA005FA8B3 /* StateTableViewController.swift */ = {isa = PBXFileReference; lastKnownFileType = sourcecode.swift; path = StateTableViewController.swift; sourceTree = "<group>"; };
		638ADB922304B92E005FA8B3 /* States.swift */ = {isa = PBXFileReference; lastKnownFileType = sourcecode.swift; path = States.swift; sourceTree = "<group>"; };
		638ADB942304BA26005FA8B3 /* TableViewCell.swift */ = {isa = PBXFileReference; lastKnownFileType = sourcecode.swift; path = TableViewCell.swift; sourceTree = "<group>"; };
/* End PBXFileReference section */

/* Begin PBXFrameworksBuildPhase section */
		638ADB7023048543005FA8B3 /* Frameworks */ = {
			isa = PBXFrameworksBuildPhase;
			buildActionMask = 2147483647;
			files = (
			);
			runOnlyForDeploymentPostprocessing = 0;
		};
/* End PBXFrameworksBuildPhase section */

/* Begin PBXGroup section */
		638ADB6A23048543005FA8B3 = {
			isa = PBXGroup;
			children = (
				638ADB7523048543005FA8B3 /* Representative */,
				638ADB7423048543005FA8B3 /* Products */,
			);
			sourceTree = "<group>";
		};
		638ADB7423048543005FA8B3 /* Products */ = {
			isa = PBXGroup;
			children = (
				638ADB7323048543005FA8B3 /* Representative.app */,
			);
			name = Products;
			sourceTree = "<group>";
		};
		638ADB7523048543005FA8B3 /* Representative */ = {
			isa = PBXGroup;
			children = (
				638ADB962304BA2C005FA8B3 /* Views */,
				638ADB8B2304879B005FA8B3 /* ViewControllers */,
				638ADB8A23048795005FA8B3 /* ModelControllers */,
				638ADB892304878F005FA8B3 /* Models */,
				638ADB8823048788005FA8B3 /* Resources */,
				638ADB7A23048543005FA8B3 /* Main.storyboard */,
			);
			path = Representative;
			sourceTree = "<group>";
		};
		638ADB8823048788005FA8B3 /* Resources */ = {
			isa = PBXGroup;
			children = (
				638ADB7623048543005FA8B3 /* AppDelegate.swift */,
				638ADB7D23048544005FA8B3 /* Assets.xcassets */,
				638ADB7F23048544005FA8B3 /* LaunchScreen.storyboard */,
				638ADB8223048544005FA8B3 /* Info.plist */,
			);
			path = Resources;
			sourceTree = "<group>";
		};
		638ADB892304878F005FA8B3 /* Models */ = {
			isa = PBXGroup;
			children = (
				638ADB8C23048953005FA8B3 /* Representative.swift */,
				638ADB922304B92E005FA8B3 /* States.swift */,
			);
			path = Models;
			sourceTree = "<group>";
		};
		638ADB8A23048795005FA8B3 /* ModelControllers */ = {
			isa = PBXGroup;
			children = (
				638ADB8E23049D99005FA8B3 /* RepresentativeController.swift */,
			);
			path = ModelControllers;
			sourceTree = "<group>";
		};
		638ADB8B2304879B005FA8B3 /* ViewControllers */ = {
			isa = PBXGroup;
			children = (
				638ADB902304B7FA005FA8B3 /* StateTableViewController.swift */,
				634F8EAE2304BF1200E2B831 /* StateDetailTableViewController.swift */,
			);
			path = ViewControllers;
			sourceTree = "<group>";
		};
		638ADB962304BA2C005FA8B3 /* Views */ = {
			isa = PBXGroup;
			children = (
				638ADB942304BA26005FA8B3 /* TableViewCell.swift */,
			);
			path = Views;
			sourceTree = "<group>";
		};
/* End PBXGroup section */

/* Begin PBXNativeTarget section */
		638ADB7223048543005FA8B3 /* Representative */ = {
			isa = PBXNativeTarget;
			buildConfigurationList = 638ADB8523048544005FA8B3 /* Build configuration list for PBXNativeTarget "Representative" */;
			buildPhases = (
				638ADB6F23048543005FA8B3 /* Sources */,
				638ADB7023048543005FA8B3 /* Frameworks */,
				638ADB7123048543005FA8B3 /* Resources */,
			);
			buildRules = (
			);
			dependencies = (
			);
			name = Representative;
			productName = Representative;
			productReference = 638ADB7323048543005FA8B3 /* Representative.app */;
			productType = "com.apple.product-type.application";
		};
/* End PBXNativeTarget section */

/* Begin PBXProject section */
		638ADB6B23048543005FA8B3 /* Project object */ = {
			isa = PBXProject;
			attributes = {
				LastSwiftUpdateCheck = 1030;
				LastUpgradeCheck = 1030;
				ORGANIZATIONNAME = "Blake kvarfordt";
				TargetAttributes = {
					638ADB7223048543005FA8B3 = {
						CreatedOnToolsVersion = 10.3;
					};
				};
			};
			buildConfigurationList = 638ADB6E23048543005FA8B3 /* Build configuration list for PBXProject "Representative" */;
			compatibilityVersion = "Xcode 9.3";
			developmentRegion = en;
			hasScannedForEncodings = 0;
			knownRegions = (
				en,
				Base,
			);
			mainGroup = 638ADB6A23048543005FA8B3;
			productRefGroup = 638ADB7423048543005FA8B3 /* Products */;
			projectDirPath = "";
			projectRoot = "";
			targets = (
				638ADB7223048543005FA8B3 /* Representative */,
			);
		};
/* End PBXProject section */

/* Begin PBXResourcesBuildPhase section */
		638ADB7123048543005FA8B3 /* Resources */ = {
			isa = PBXResourcesBuildPhase;
			buildActionMask = 2147483647;
			files = (
				638ADB8123048544005FA8B3 /* LaunchScreen.storyboard in Resources */,
				638ADB7E23048544005FA8B3 /* Assets.xcassets in Resources */,
				638ADB7C23048543005FA8B3 /* Main.storyboard in Resources */,
			);
			runOnlyForDeploymentPostprocessing = 0;
		};
/* End PBXResourcesBuildPhase section */

/* Begin PBXSourcesBuildPhase section */
		638ADB6F23048543005FA8B3 /* Sources */ = {
			isa = PBXSourcesBuildPhase;
			buildActionMask = 2147483647;
			files = (
				638ADB932304B92E005FA8B3 /* States.swift in Sources */,
				638ADB8D23048953005FA8B3 /* Representative.swift in Sources */,
				638ADB8F23049D99005FA8B3 /* RepresentativeController.swift in Sources */,
				638ADB952304BA26005FA8B3 /* TableViewCell.swift in Sources */,
				634F8EAF2304BF1200E2B831 /* StateDetailTableViewController.swift in Sources */,
				638ADB912304B7FA005FA8B3 /* StateTableViewController.swift in Sources */,
				638ADB7723048543005FA8B3 /* AppDelegate.swift in Sources */,
			);
			runOnlyForDeploymentPostprocessing = 0;
		};
/* End PBXSourcesBuildPhase section */

/* Begin PBXVariantGroup section */
		638ADB7A23048543005FA8B3 /* Main.storyboard */ = {
			isa = PBXVariantGroup;
			children = (
				638ADB7B23048543005FA8B3 /* Base */,
			);
			name = Main.storyboard;
			sourceTree = "<group>";
		};
		638ADB7F23048544005FA8B3 /* LaunchScreen.storyboard */ = {
			isa = PBXVariantGroup;
			children = (
				638ADB8023048544005FA8B3 /* Base */,
			);
			name = LaunchScreen.storyboard;
			sourceTree = "<group>";
		};
/* End PBXVariantGroup section */

/* Begin XCBuildConfiguration section */
		638ADB8323048544005FA8B3 /* Debug */ = {
			isa = XCBuildConfiguration;
			buildSettings = {
				ALWAYS_SEARCH_USER_PATHS = NO;
				CLANG_ANALYZER_NONNULL = YES;
				CLANG_ANALYZER_NUMBER_OBJECT_CONVERSION = YES_AGGRESSIVE;
				CLANG_CXX_LANGUAGE_STANDARD = "gnu++14";
				CLANG_CXX_LIBRARY = "libc++";
				CLANG_ENABLE_MODULES = YES;
				CLANG_ENABLE_OBJC_ARC = YES;
				CLANG_ENABLE_OBJC_WEAK = YES;
				CLANG_WARN_BLOCK_CAPTURE_AUTORELEASING = YES;
				CLANG_WARN_BOOL_CONVERSION = YES;
				CLANG_WARN_COMMA = YES;
				CLANG_WARN_CONSTANT_CONVERSION = YES;
				CLANG_WARN_DEPRECATED_OBJC_IMPLEMENTATIONS = YES;
				CLANG_WARN_DIRECT_OBJC_ISA_USAGE = YES_ERROR;
				CLANG_WARN_DOCUMENTATION_COMMENTS = YES;
				CLANG_WARN_EMPTY_BODY = YES;
				CLANG_WARN_ENUM_CONVERSION = YES;
				CLANG_WARN_INFINITE_RECURSION = YES;
				CLANG_WARN_INT_CONVERSION = YES;
				CLANG_WARN_NON_LITERAL_NULL_CONVERSION = YES;
				CLANG_WARN_OBJC_IMPLICIT_RETAIN_SELF = YES;
				CLANG_WARN_OBJC_LITERAL_CONVERSION = YES;
				CLANG_WARN_OBJC_ROOT_CLASS = YES_ERROR;
				CLANG_WARN_RANGE_LOOP_ANALYSIS = YES;
				CLANG_WARN_STRICT_PROTOTYPES = YES;
				CLANG_WARN_SUSPICIOUS_MOVE = YES;
				CLANG_WARN_UNGUARDED_AVAILABILITY = YES_AGGRESSIVE;
				CLANG_WARN_UNREACHABLE_CODE = YES;
				CLANG_WARN__DUPLICATE_METHOD_MATCH = YES;
				CODE_SIGN_IDENTITY = "iPhone Developer";
				COPY_PHASE_STRIP = NO;
				DEBUG_INFORMATION_FORMAT = dwarf;
				ENABLE_STRICT_OBJC_MSGSEND = YES;
				ENABLE_TESTABILITY = YES;
				GCC_C_LANGUAGE_STANDARD = gnu11;
				GCC_DYNAMIC_NO_PIC = NO;
				GCC_NO_COMMON_BLOCKS = YES;
				GCC_OPTIMIZATION_LEVEL = 0;
				GCC_PREPROCESSOR_DEFINITIONS = (
					"DEBUG=1",
					"$(inherited)",
				);
				GCC_WARN_64_TO_32_BIT_CONVERSION = YES;
				GCC_WARN_ABOUT_RETURN_TYPE = YES_ERROR;
				GCC_WARN_UNDECLARED_SELECTOR = YES;
				GCC_WARN_UNINITIALIZED_AUTOS = YES_AGGRESSIVE;
				GCC_WARN_UNUSED_FUNCTION = YES;
				GCC_WARN_UNUSED_VARIABLE = YES;
				IPHONEOS_DEPLOYMENT_TARGET = 12.4;
				MTL_ENABLE_DEBUG_INFO = INCLUDE_SOURCE;
				MTL_FAST_MATH = YES;
				ONLY_ACTIVE_ARCH = YES;
				SDKROOT = iphoneos;
				SWIFT_ACTIVE_COMPILATION_CONDITIONS = DEBUG;
				SWIFT_OPTIMIZATION_LEVEL = "-Onone";
			};
			name = Debug;
		};
		638ADB8423048544005FA8B3 /* Release */ = {
			isa = XCBuildConfiguration;
			buildSettings = {
				ALWAYS_SEARCH_USER_PATHS = NO;
				CLANG_ANALYZER_NONNULL = YES;
				CLANG_ANALYZER_NUMBER_OBJECT_CONVERSION = YES_AGGRESSIVE;
				CLANG_CXX_LANGUAGE_STANDARD = "gnu++14";
				CLANG_CXX_LIBRARY = "libc++";
				CLANG_ENABLE_MODULES = YES;
				CLANG_ENABLE_OBJC_ARC = YES;
				CLANG_ENABLE_OBJC_WEAK = YES;
				CLANG_WARN_BLOCK_CAPTURE_AUTORELEASING = YES;
				CLANG_WARN_BOOL_CONVERSION = YES;
				CLANG_WARN_COMMA = YES;
				CLANG_WARN_CONSTANT_CONVERSION = YES;
				CLANG_WARN_DEPRECATED_OBJC_IMPLEMENTATIONS = YES;
				CLANG_WARN_DIRECT_OBJC_ISA_USAGE = YES_ERROR;
				CLANG_WARN_DOCUMENTATION_COMMENTS = YES;
				CLANG_WARN_EMPTY_BODY = YES;
				CLANG_WARN_ENUM_CONVERSION = YES;
				CLANG_WARN_INFINITE_RECURSION = YES;
				CLANG_WARN_INT_CONVERSION = YES;
				CLANG_WARN_NON_LITERAL_NULL_CONVERSION = YES;
				CLANG_WARN_OBJC_IMPLICIT_RETAIN_SELF = YES;
				CLANG_WARN_OBJC_LITERAL_CONVERSION = YES;
				CLANG_WARN_OBJC_ROOT_CLASS = YES_ERROR;
				CLANG_WARN_RANGE_LOOP_ANALYSIS = YES;
				CLANG_WARN_STRICT_PROTOTYPES = YES;
				CLANG_WARN_SUSPICIOUS_MOVE = YES;
				CLANG_WARN_UNGUARDED_AVAILABILITY = YES_AGGRESSIVE;
				CLANG_WARN_UNREACHABLE_CODE = YES;
				CLANG_WARN__DUPLICATE_METHOD_MATCH = YES;
				CODE_SIGN_IDENTITY = "iPhone Developer";
				COPY_PHASE_STRIP = NO;
				DEBUG_INFORMATION_FORMAT = "dwarf-with-dsym";
				ENABLE_NS_ASSERTIONS = NO;
				ENABLE_STRICT_OBJC_MSGSEND = YES;
				GCC_C_LANGUAGE_STANDARD = gnu11;
				GCC_NO_COMMON_BLOCKS = YES;
				GCC_WARN_64_TO_32_BIT_CONVERSION = YES;
				GCC_WARN_ABOUT_RETURN_TYPE = YES_ERROR;
				GCC_WARN_UNDECLARED_SELECTOR = YES;
				GCC_WARN_UNINITIALIZED_AUTOS = YES_AGGRESSIVE;
				GCC_WARN_UNUSED_FUNCTION = YES;
				GCC_WARN_UNUSED_VARIABLE = YES;
				IPHONEOS_DEPLOYMENT_TARGET = 12.4;
				MTL_ENABLE_DEBUG_INFO = NO;
				MTL_FAST_MATH = YES;
				SDKROOT = iphoneos;
				SWIFT_COMPILATION_MODE = wholemodule;
				SWIFT_OPTIMIZATION_LEVEL = "-O";
				VALIDATE_PRODUCT = YES;
			};
			name = Release;
		};
		638ADB8623048544005FA8B3 /* Debug */ = {
			isa = XCBuildConfiguration;
			buildSettings = {
				ASSETCATALOG_COMPILER_APPICON_NAME = AppIcon;
				CODE_SIGN_STYLE = Automatic;
				DEVELOPMENT_TEAM = 83YG3ZQCH4;
				INFOPLIST_FILE = "$(SRCROOT)/Representative/Resources/Info.plist";
				LD_RUNPATH_SEARCH_PATHS = (
					"$(inherited)",
					"@executable_path/Frameworks",
				);
				PRODUCT_BUNDLE_IDENTIFIER = com.blakekvarfordt.Representative;
				PRODUCT_NAME = "$(TARGET_NAME)";
				SWIFT_VERSION = 5.0;
				TARGETED_DEVICE_FAMILY = "1,2";
			};
			name = Debug;
		};
		638ADB8723048544005FA8B3 /* Release */ = {
			isa = XCBuildConfiguration;
			buildSettings = {
				ASSETCATALOG_COMPILER_APPICON_NAME = AppIcon;
				CODE_SIGN_STYLE = Automatic;
				DEVELOPMENT_TEAM = 83YG3ZQCH4;
				INFOPLIST_FILE = "$(SRCROOT)/Representative/Resources/Info.plist";
				LD_RUNPATH_SEARCH_PATHS = (
					"$(inherited)",
					"@executable_path/Frameworks",
				);
				PRODUCT_BUNDLE_IDENTIFIER = com.blakekvarfordt.Representative;
				PRODUCT_NAME = "$(TARGET_NAME)";
				SWIFT_VERSION = 5.0;
				TARGETED_DEVICE_FAMILY = "1,2";
			};
			name = Release;
		};
/* End XCBuildConfiguration section */

/* Begin XCConfigurationList section */
		638ADB6E23048543005FA8B3 /* Build configuration list for PBXProject "Representative" */ = {
			isa = XCConfigurationList;
			buildConfigurations = (
				638ADB8323048544005FA8B3 /* Debug */,
				638ADB8423048544005FA8B3 /* Release */,
			);
			defaultConfigurationIsVisible = 0;
			defaultConfigurationName = Release;
		};
		638ADB8523048544005FA8B3 /* Build configuration list for PBXNativeTarget "Representative" */ = {
			isa = XCConfigurationList;
			buildConfigurations = (
				638ADB8623048544005FA8B3 /* Debug */,
				638ADB8723048544005FA8B3 /* Release */,
			);
			defaultConfigurationIsVisible = 0;
			defaultConfigurationName = Release;
		};
/* End XCConfigurationList section */
	};
	rootObject = 638ADB6B23048543005FA8B3 /* Project object */;
}
